
Microsoft Visual Studio Solution File, Format Version 12.00
# Visual Studio 15
VisualStudioVersion = 15.0.26430.12
MinimumVisualStudioVersion = 10.0.40219.1
Project("{8BC9CEB8-8B4A-11D0-8D11-00A0C91BC942}") = "OTPCredentialProvider", "OTPCredentialProvider\OTPCredentialProvider.vcxproj", "{98E74D71-5237-41FA-8D36-206C0D110626}"
EndProject
Project("{8BC9CEB8-8B4A-11D0-8D11-00A0C91BC942}") = "multiotpBE", "multiotpBE\multiotpBE.vcxproj", "{8E3E148F-6F0E-4311-A8AE-56013F110A6A}"
EndProject
Project("{8BC9CEB8-8B4A-11D0-8D11-00A0C91BC942}") = "grpcBE", "grpcBE\grpcBE.vcxproj", "{4705600E-0C7E-4DE6-8E3B-F5AC11003C94}"
EndProject
Project("{8BC9CEB8-8B4A-11D0-8D11-00A0C91BC942}") = "test_grpcBE", "test_grpcBE\test_grpcBE.vcxproj", "{04E8954F-7F0A-4E76-BDAF-F0222E9D52D5}"
	ProjectSection(ProjectDependencies) = postProject
		{4705600E-0C7E-4DE6-8E3B-F5AC11003C94} = {4705600E-0C7E-4DE6-8E3B-F5AC11003C94}
	EndProjectSection
EndProject
Global
	GlobalSection(SolutionConfigurationPlatforms) = preSolution
		Debug|x64 = Debug|x64
		Debug|x86 = Debug|x86
		Release|x64 = Release|x64
		Release|x86 = Release|x86
	EndGlobalSection
	GlobalSection(ProjectConfigurationPlatforms) = postSolution
		{98E74D71-5237-41FA-8D36-206C0D110626}.Debug|x64.ActiveCfg = Debug|x64
		{98E74D71-5237-41FA-8D36-206C0D110626}.Debug|x64.Build.0 = Debug|x64
		{98E74D71-5237-41FA-8D36-206C0D110626}.Debug|x86.ActiveCfg = Debug|x64
		{98E74D71-5237-41FA-8D36-206C0D110626}.Release|x64.ActiveCfg = Release|x64
		{98E74D71-5237-41FA-8D36-206C0D110626}.Release|x64.Build.0 = Release|x64
		{98E74D71-5237-41FA-8D36-206C0D110626}.Release|x86.ActiveCfg = Release|x64
		{8E3E148F-6F0E-4311-A8AE-56013F110A6A}.Debug|x64.ActiveCfg = Debug|x64
		{8E3E148F-6F0E-4311-A8AE-56013F110A6A}.Debug|x64.Build.0 = Debug|x64
		{8E3E148F-6F0E-4311-A8AE-56013F110A6A}.Debug|x86.ActiveCfg = Debug|x64
		{8E3E148F-6F0E-4311-A8AE-56013F110A6A}.Release|x64.ActiveCfg = Release|x64
		{8E3E148F-6F0E-4311-A8AE-56013F110A6A}.Release|x64.Build.0 = Release|x64
		{8E3E148F-6F0E-4311-A8AE-56013F110A6A}.Release|x86.ActiveCfg = Release|x64
		{4705600E-0C7E-4DE6-8E3B-F5AC11003C94}.Debug|x64.ActiveCfg = Debug|x64
		{4705600E-0C7E-4DE6-8E3B-F5AC11003C94}.Debug|x64.Build.0 = Debug|x64
		{4705600E-0C7E-4DE6-8E3B-F5AC11003C94}.Debug|x86.ActiveCfg = Debug|x64
		{4705600E-0C7E-4DE6-8E3B-F5AC11003C94}.Release|x64.ActiveCfg = Release|x64
		{4705600E-0C7E-4DE6-8E3B-F5AC11003C94}.Release|x64.Build.0 = Release|x64
		{4705600E-0C7E-4DE6-8E3B-F5AC11003C94}.Release|x86.ActiveCfg = Release|x64
		{04E8954F-7F0A-4E76-BDAF-F0222E9D52D5}.Debug|x64.ActiveCfg = Debug|x64
		{04E8954F-7F0A-4E76-BDAF-F0222E9D52D5}.Debug|x64.Build.0 = Debug|x64
		{04E8954F-7F0A-4E76-BDAF-F0222E9D52D5}.Debug|x86.ActiveCfg = Debug|Win32
		{04E8954F-7F0A-4E76-BDAF-F0222E9D52D5}.Debug|x86.Build.0 = Debug|Win32
		{04E8954F-7F0A-4E76-BDAF-F0222E9D52D5}.Release|x64.ActiveCfg = Release|x64
		{04E8954F-7F0A-4E76-BDAF-F0222E9D52D5}.Release|x64.Build.0 = Release|x64
		{04E8954F-7F0A-4E76-BDAF-F0222E9D52D5}.Release|x86.ActiveCfg = Release|Win32
		{04E8954F-7F0A-4E76-BDAF-F0222E9D52D5}.Release|x86.Build.0 = Release|Win32
	EndGlobalSection
	GlobalSection(SolutionProperties) = preSolution
		HideSolutionNode = FALSE
	EndGlobalSection
EndGlobal
